
Microsoft Visual Studio Solution File, Format Version 12.00
# Visual Studio 15
VisualStudioVersion = 15.0.27130.2027
MinimumVisualStudioVersion = 10.0.40219.1
Project("{FAE04EC0-301F-11D3-BF4B-00C04F79EFBC}") = "AkkaWestWorld.CmdLine", "AkkaWestWorld.CmdLine\AkkaWestWorld.CmdLine.csproj", "{83201180-218E-4795-8A7B-74AF1C9331C7}"
EndProject
Project("{FAE04EC0-301F-11D3-BF4B-00C04F79EFBC}") = "AkkaWestWorld.Core", "AkkaWestWorld.Core\AkkaWestWorld.Core.csproj", "{E0F98912-5C4A-4D45-A29F-D253C1D8FCF8}"
EndProject
Global
	GlobalSection(SolutionConfigurationPlatforms) = preSolution
		Debug|Any CPU = Debug|Any CPU
		Release|Any CPU = Release|Any CPU
	EndGlobalSection
	GlobalSection(ProjectConfigurationPlatforms) = postSolution
		{83201180-218E-4795-8A7B-74AF1C9331C7}.Debug|Any CPU.ActiveCfg = Debug|Any CPU
		{83201180-218E-4795-8A7B-74AF1C9331C7}.Debug|Any CPU.Build.0 = Debug|Any CPU
		{83201180-218E-4795-8A7B-74AF1C9331C7}.Release|Any CPU.ActiveCfg = Release|Any CPU
		{83201180-218E-4795-8A7B-74AF1C9331C7}.Release|Any CPU.Build.0 = Release|Any CPU
		{E0F98912-5C4A-4D45-A29F-D253C1D8FCF8}.Debug|Any CPU.ActiveCfg = Debug|Any CPU
		{E0F98912-5C4A-4D45-A29F-D253C1D8FCF8}.Debug|Any CPU.Build.0 = Debug|Any CPU
		{E0F98912-5C4A-4D45-A29F-D253C1D8FCF8}.Release|Any CPU.ActiveCfg = Release|Any CPU
		{E0F98912-5C4A-4D45-A29F-D253C1D8FCF8}.Release|Any CPU.Build.0 = Release|Any CPU
	EndGlobalSection
	GlobalSection(SolutionProperties) = preSolution
		HideSolutionNode = FALSE
	EndGlobalSection
	GlobalSection(ExtensibilityGlobals) = postSolution
		SolutionGuid = {38D49DE3-489E-4DFC-8840-F86EBBDD1847}
	EndGlobalSection
EndGlobal
